
Microsoft Visual Studio Solution File, Format Version 12.00
# Visual Studio Version 18
VisualStudioVersion = 18.3.11415.281 d18.3
MinimumVisualStudioVersion = 10.0.40219.1
Project("{FAE04EC0-301F-11D3-BF4B-00C04F79EFBC}") = "pr13", "pr13.csproj", "{5F0E7DDA-8A1E-4B00-91C5-5CCD9FCE8F64}"
EndProject
Global
	GlobalSection(SolutionConfigurationPlatforms) = preSolution
		Debug|Any CPU = Debug|Any CPU
		Release|Any CPU = Release|Any CPU
	EndGlobalSection
	GlobalSection(ProjectConfigurationPlatforms) = postSolution
		{5F0E7DDA-8A1E-4B00-91C5-5CCD9FCE8F64}.Debug|Any CPU.ActiveCfg = Debug|Any CPU
		{5F0E7DDA-8A1E-4B00-91C5-5CCD9FCE8F64}.Debug|Any CPU.Build.0 = Debug|Any CPU
		{5F0E7DDA-8A1E-4B00-91C5-5CCD9FCE8F64}.Release|Any CPU.ActiveCfg = Release|Any CPU
		{5F0E7DDA-8A1E-4B00-91C5-5CCD9FCE8F64}.Release|Any CPU.Build.0 = Release|Any CPU
	EndGlobalSection
	GlobalSection(SolutionProperties) = preSolution
		HideSolutionNode = FALSE
	EndGlobalSection
	GlobalSection(ExtensibilityGlobals) = postSolution
		SolutionGuid = {14E86407-827C-490A-9321-002CE8B1F5C9}
	EndGlobalSection
EndGlobal
